// !$*UTF8*$!
{
	archiveVersion = 1;
	classes = {
	};
	objectVersion = 48;
	objects = {

/* Begin PBXBuildFile section */
		63105ECA1FF12A200039D35F /* spark.png in Resources */ = {isa = PBXBuildFile; fileRef = 63105EC81FF12A200039D35F /* spark.png */; };
		63105ECB1FF12A200039D35F /* reactor.scnp in Resources */ = {isa = PBXBuildFile; fileRef = 63105EC91FF12A200039D35F /* reactor.scnp */; };
		638E277A1FEF3FE500C2DE06 /* AppDelegate.swift in Sources */ = {isa = PBXBuildFile; fileRef = 638E27791FEF3FE500C2DE06 /* AppDelegate.swift */; };
		638E277C1FEF3FE500C2DE06 /* GameViewController.swift in Sources */ = {isa = PBXBuildFile; fileRef = 638E277B1FEF3FE500C2DE06 /* GameViewController.swift */; };
		638E277F1FEF3FE500C2DE06 /* Main.storyboard in Resources */ = {isa = PBXBuildFile; fileRef = 638E277D1FEF3FE500C2DE06 /* Main.storyboard */; };
		638E27811FEF3FE500C2DE06 /* Assets.xcassets in Resources */ = {isa = PBXBuildFile; fileRef = 638E27801FEF3FE500C2DE06 /* Assets.xcassets */; };
		638E27841FEF3FE500C2DE06 /* LaunchScreen.storyboard in Resources */ = {isa = PBXBuildFile; fileRef = 638E27821FEF3FE500C2DE06 /* LaunchScreen.storyboard */; };
		B717130328C07749005477E7 /* StartViewController.swift in Sources */ = {isa = PBXBuildFile; fileRef = B717130228C07749005477E7 /* StartViewController.swift */; };
		B734414928B8B7D100F1DF66 /* UIColor++.swift in Sources */ = {isa = PBXBuildFile; fileRef = B734414828B8B7D100F1DF66 /* UIColor++.swift */; };
		B734414B28B8B86F00F1DF66 /* GameViewController+Utilies.swift in Sources */ = {isa = PBXBuildFile; fileRef = B734414A28B8B86F00F1DF66 /* GameViewController+Utilies.swift */; };
		B734414E28B8B8B500F1DF66 /* float4x4++.swift in Sources */ = {isa = PBXBuildFile; fileRef = B734414D28B8B8B500F1DF66 /* float4x4++.swift */; };
		B734415328B8EC4800F1DF66 /* GameViewController+Node.swift in Sources */ = {isa = PBXBuildFile; fileRef = B734415228B8EC4800F1DF66 /* GameViewController+Node.swift */; };
		B734415628B8EDE300F1DF66 /* NodeType.swift in Sources */ = {isa = PBXBuildFile; fileRef = B734415528B8EDE300F1DF66 /* NodeType.swift */; };
		B734415828B8F0B500F1DF66 /* SCNVector3++.swift in Sources */ = {isa = PBXBuildFile; fileRef = B734415728B8F0B500F1DF66 /* SCNVector3++.swift */; };
		B734415A28B8F47100F1DF66 /* GameViewController+Configuration.swift in Sources */ = {isa = PBXBuildFile; fileRef = B734415928B8F47100F1DF66 /* GameViewController+Configuration.swift */; };
		B734415C28B8F4A200F1DF66 /* GameViewController+ARSessionDelegate.swift in Sources */ = {isa = PBXBuildFile; fileRef = B734415B28B8F4A200F1DF66 /* GameViewController+ARSessionDelegate.swift */; };
		B734415E28B8F4C000F1DF66 /* GameViewController+SCNPhysicsContactDelegate.swift in Sources */ = {isa = PBXBuildFile; fileRef = B734415D28B8F4C000F1DF66 /* GameViewController+SCNPhysicsContactDelegate.swift */; };
		B734416028B8F6AD00F1DF66 /* ContactType.swift in Sources */ = {isa = PBXBuildFile; fileRef = B734415F28B8F6AD00F1DF66 /* ContactType.swift */; };
		B7B7DC0628BF41C100F4AD13 /* art.scnassets in Resources */ = {isa = PBXBuildFile; fileRef = B7B7DC0528BF41C100F4AD13 /* art.scnassets */; };
		B7F944AC28BFB2A100B7FF8B /* BasicNode+NodeConfiguration.swift in Sources */ = {isa = PBXBuildFile; fileRef = B7F944AB28BFB2A100B7FF8B /* BasicNode+NodeConfiguration.swift */; };
/* End PBXBuildFile section */

/* Begin PBXFileReference section */
		63105EC81FF12A200039D35F /* spark.png */ = {isa = PBXFileReference; lastKnownFileType = image.png; path = spark.png; sourceTree = "<group>"; };
		63105EC91FF12A200039D35F /* reactor.scnp */ = {isa = PBXFileReference; lastKnownFileType = file.scp; path = reactor.scnp; sourceTree = "<group>"; };
		638E27761FEF3FE500C2DE06 /* ARKitPhysics.app */ = {isa = PBXFileReference; explicitFileType = wrapper.application; includeInIndex = 0; path = ARKitPhysics.app; sourceTree = BUILT_PRODUCTS_DIR; };
		638E27791FEF3FE500C2DE06 /* AppDelegate.swift */ = {isa = PBXFileReference; lastKnownFileType = sourcecode.swift; path = AppDelegate.swift; sourceTree = "<group>"; };
		638E277B1FEF3FE500C2DE06 /* GameViewController.swift */ = {isa = PBXFileReference; lastKnownFileType = sourcecode.swift; path = GameViewController.swift; sourceTree = "<group>"; };
		638E277E1FEF3FE500C2DE06 /* Base */ = {isa = PBXFileReference; lastKnownFileType = file.storyboard; name = Base; path = Base.lproj/Main.storyboard; sourceTree = "<group>"; };
		638E27801FEF3FE500C2DE06 /* Assets.xcassets */ = {isa = PBXFileReference; lastKnownFileType = folder.assetcatalog; path = Assets.xcassets; sourceTree = "<group>"; };
		638E27831FEF3FE500C2DE06 /* Base */ = {isa = PBXFileReference; lastKnownFileType = file.storyboard; name = Base; path = Base.lproj/LaunchScreen.storyboard; sourceTree = "<group>"; };
		638E27851FEF3FE500C2DE06 /* Info.plist */ = {isa = PBXFileReference; lastKnownFileType = text.plist.xml; path = Info.plist; sourceTree = "<group>"; };
		B717130228C07749005477E7 /* StartViewController.swift */ = {isa = PBXFileReference; lastKnownFileType = sourcecode.swift; path = StartViewController.swift; sourceTree = "<group>"; };
		B734414828B8B7D100F1DF66 /* UIColor++.swift */ = {isa = PBXFileReference; lastKnownFileType = sourcecode.swift; path = "UIColor++.swift"; sourceTree = "<group>"; };
		B734414A28B8B86F00F1DF66 /* GameViewController+Utilies.swift */ = {isa = PBXFileReference; lastKnownFileType = sourcecode.swift; path = "GameViewController+Utilies.swift"; sourceTree = "<group>"; };
		B734414D28B8B8B500F1DF66 /* float4x4++.swift */ = {isa = PBXFileReference; lastKnownFileType = sourcecode.swift; path = "float4x4++.swift"; sourceTree = "<group>"; };
		B734415228B8EC4800F1DF66 /* GameViewController+Node.swift */ = {isa = PBXFileReference; lastKnownFileType = sourcecode.swift; path = "GameViewController+Node.swift"; sourceTree = "<group>"; };
		B734415528B8EDE300F1DF66 /* NodeType.swift */ = {isa = PBXFileReference; lastKnownFileType = sourcecode.swift; path = NodeType.swift; sourceTree = "<group>"; };
		B734415728B8F0B500F1DF66 /* SCNVector3++.swift */ = {isa = PBXFileReference; lastKnownFileType = sourcecode.swift; path = "SCNVector3++.swift"; sourceTree = "<group>"; };
		B734415928B8F47100F1DF66 /* GameViewController+Configuration.swift */ = {isa = PBXFileReference; lastKnownFileType = sourcecode.swift; path = "GameViewController+Configuration.swift"; sourceTree = "<group>"; };
		B734415B28B8F4A200F1DF66 /* GameViewController+ARSessionDelegate.swift */ = {isa = PBXFileReference; lastKnownFileType = sourcecode.swift; path = "GameViewController+ARSessionDelegate.swift"; sourceTree = "<group>"; };
		B734415D28B8F4C000F1DF66 /* GameViewController+SCNPhysicsContactDelegate.swift */ = {isa = PBXFileReference; lastKnownFileType = sourcecode.swift; path = "GameViewController+SCNPhysicsContactDelegate.swift"; sourceTree = "<group>"; };
		B734415F28B8F6AD00F1DF66 /* ContactType.swift */ = {isa = PBXFileReference; lastKnownFileType = sourcecode.swift; path = ContactType.swift; sourceTree = "<group>"; };
		B7B7DC0528BF41C100F4AD13 /* art.scnassets */ = {isa = PBXFileReference; lastKnownFileType = wrapper.scnassets; path = art.scnassets; sourceTree = "<group>"; };
		B7F944AB28BFB2A100B7FF8B /* BasicNode+NodeConfiguration.swift */ = {isa = PBXFileReference; lastKnownFileType = sourcecode.swift; path = "BasicNode+NodeConfiguration.swift"; sourceTree = "<group>"; };
/* End PBXFileReference section */

/* Begin PBXFrameworksBuildPhase section */
		638E27731FEF3FE500C2DE06 /* Frameworks */ = {
			isa = PBXFrameworksBuildPhase;
			buildActionMask = 2147483647;
			files = (
			);
			runOnlyForDeploymentPostprocessing = 0;
		};
/* End PBXFrameworksBuildPhase section */

/* Begin PBXGroup section */
		63105EC31FF112430039D35F /* Particles */ = {
			isa = PBXGroup;
			children = (
				63105EC81FF12A200039D35F /* spark.png */,
				63105EC91FF12A200039D35F /* reactor.scnp */,
			);
			path = Particles;
			sourceTree = "<group>";
		};
		638E276D1FEF3FE500C2DE06 = {
			isa = PBXGroup;
			children = (
				638E27781FEF3FE500C2DE06 /* ARKitPhysics */,
				638E27771FEF3FE500C2DE06 /* Products */,
			);
			sourceTree = "<group>";
		};
		638E27771FEF3FE500C2DE06 /* Products */ = {
			isa = PBXGroup;
			children = (
				638E27761FEF3FE500C2DE06 /* ARKitPhysics.app */,
			);
			name = Products;
			sourceTree = "<group>";
		};
		638E27781FEF3FE500C2DE06 /* ARKitPhysics */ = {
			isa = PBXGroup;
			children = (
				B717130128C0772E005477E7 /* ViewControllers */,
				B7B7DBE328BF25B900F4AD13 /* Models */,
				B734415428B8EDD900F1DF66 /* Enums */,
				B734414C28B8B8A300F1DF66 /* Extensions */,
				63105EC31FF112430039D35F /* Particles */,
				638E27851FEF3FE500C2DE06 /* Info.plist */,
				638E27791FEF3FE500C2DE06 /* AppDelegate.swift */,
				638E27801FEF3FE500C2DE06 /* Assets.xcassets */,
				638E27821FEF3FE500C2DE06 /* LaunchScreen.storyboard */,
				638E277D1FEF3FE500C2DE06 /* Main.storyboard */,
				B7B7DC0528BF41C100F4AD13 /* art.scnassets */,
			);
			path = ARKitPhysics;
			sourceTree = "<group>";
		};
		B717130028C07720005477E7 /* StartViewController */ = {
			isa = PBXGroup;
			children = (
				B717130228C07749005477E7 /* StartViewController.swift */,
			);
			path = StartViewController;
			sourceTree = "<group>";
		};
		B717130128C0772E005477E7 /* ViewControllers */ = {
			isa = PBXGroup;
			children = (
				B717130028C07720005477E7 /* StartViewController */,
				B734414F28B8B9DE00F1DF66 /* GameViewController */,
			);
			path = ViewControllers;
			sourceTree = "<group>";
		};
		B734414C28B8B8A300F1DF66 /* Extensions */ = {
			isa = PBXGroup;
			children = (
				B734414828B8B7D100F1DF66 /* UIColor++.swift */,
				B734414D28B8B8B500F1DF66 /* float4x4++.swift */,
				B734415728B8F0B500F1DF66 /* SCNVector3++.swift */,
			);
			path = Extensions;
			sourceTree = "<group>";
		};
		B734414F28B8B9DE00F1DF66 /* GameViewController */ = {
			isa = PBXGroup;
			children = (
				638E277B1FEF3FE500C2DE06 /* GameViewController.swift */,
				B734415928B8F47100F1DF66 /* GameViewController+Configuration.swift */,
				B734415228B8EC4800F1DF66 /* GameViewController+Node.swift */,
				B734414A28B8B86F00F1DF66 /* GameViewController+Utilies.swift */,
				B734415D28B8F4C000F1DF66 /* GameViewController+SCNPhysicsContactDelegate.swift */,
				B734415B28B8F4A200F1DF66 /* GameViewController+ARSessionDelegate.swift */,
			);
			path = GameViewController;
			sourceTree = "<group>";
		};
		B734415428B8EDD900F1DF66 /* Enums */ = {
			isa = PBXGroup;
			children = (
				B734415528B8EDE300F1DF66 /* NodeType.swift */,
				B734415F28B8F6AD00F1DF66 /* ContactType.swift */,
			);
			path = Enums;
			sourceTree = "<group>";
		};
		B7B7DBE328BF25B900F4AD13 /* Models */ = {
			isa = PBXGroup;
			children = (
				B7F944AB28BFB2A100B7FF8B /* BasicNode+NodeConfiguration.swift */,
			);
			path = Models;
			sourceTree = "<group>";
		};
/* End PBXGroup section */

/* Begin PBXNativeTarget section */
		638E27751FEF3FE500C2DE06 /* ARKitPhysics */ = {
			isa = PBXNativeTarget;
			buildConfigurationList = 638E27881FEF3FE500C2DE06 /* Build configuration list for PBXNativeTarget "ARKitPhysics" */;
			buildPhases = (
				638E27721FEF3FE500C2DE06 /* Sources */,
				638E27731FEF3FE500C2DE06 /* Frameworks */,
				638E27741FEF3FE500C2DE06 /* Resources */,
			);
			buildRules = (
			);
			dependencies = (
			);
			name = ARKitPhysics;
			productName = ARKitPhysics;
			productReference = 638E27761FEF3FE500C2DE06 /* ARKitPhysics.app */;
			productType = "com.apple.product-type.application";
		};
/* End PBXNativeTarget section */

/* Begin PBXProject section */
		638E276E1FEF3FE500C2DE06 /* Project object */ = {
			isa = PBXProject;
			attributes = {
				LastSwiftUpdateCheck = 0920;
				LastUpgradeCheck = 0920;
				ORGANIZATIONNAME = AppCoda;
				TargetAttributes = {
					638E27751FEF3FE500C2DE06 = {
						CreatedOnToolsVersion = 9.2;
						LastSwiftMigration = 1340;
						ProvisioningStyle = Automatic;
					};
				};
			};
			buildConfigurationList = 638E27711FEF3FE500C2DE06 /* Build configuration list for PBXProject "ARKitPhysics" */;
			compatibilityVersion = "Xcode 8.0";
			developmentRegion = en;
			hasScannedForEncodings = 0;
			knownRegions = (
				en,
				Base,
			);
			mainGroup = 638E276D1FEF3FE500C2DE06;
			productRefGroup = 638E27771FEF3FE500C2DE06 /* Products */;
			projectDirPath = "";
			projectRoot = "";
			targets = (
				638E27751FEF3FE500C2DE06 /* ARKitPhysics */,
			);
		};
/* End PBXProject section */

/* Begin PBXResourcesBuildPhase section */
		638E27741FEF3FE500C2DE06 /* Resources */ = {
			isa = PBXResourcesBuildPhase;
			buildActionMask = 2147483647;
			files = (
				638E27841FEF3FE500C2DE06 /* LaunchScreen.storyboard in Resources */,
				638E27811FEF3FE500C2DE06 /* Assets.xcassets in Resources */,
				638E277F1FEF3FE500C2DE06 /* Main.storyboard in Resources */,
				63105ECA1FF12A200039D35F /* spark.png in Resources */,
				63105ECB1FF12A200039D35F /* reactor.scnp in Resources */,
				B7B7DC0628BF41C100F4AD13 /* art.scnassets in Resources */,
			);
			runOnlyForDeploymentPostprocessing = 0;
		};
/* End PBXResourcesBuildPhase section */

/* Begin PBXSourcesBuildPhase section */
		638E27721FEF3FE500C2DE06 /* Sources */ = {
			isa = PBXSourcesBuildPhase;
			buildActionMask = 2147483647;
			files = (
				B734414E28B8B8B500F1DF66 /* float4x4++.swift in Sources */,
				B734415828B8F0B500F1DF66 /* SCNVector3++.swift in Sources */,
				B7F944AC28BFB2A100B7FF8B /* BasicNode+NodeConfiguration.swift in Sources */,
				B734416028B8F6AD00F1DF66 /* ContactType.swift in Sources */,
				B734415328B8EC4800F1DF66 /* GameViewController+Node.swift in Sources */,
				B717130328C07749005477E7 /* StartViewController.swift in Sources */,
				B734415628B8EDE300F1DF66 /* NodeType.swift in Sources */,
				B734415A28B8F47100F1DF66 /* GameViewController+Configuration.swift in Sources */,
				638E277C1FEF3FE500C2DE06 /* GameViewController.swift in Sources */,
				638E277A1FEF3FE500C2DE06 /* AppDelegate.swift in Sources */,
				B734415C28B8F4A200F1DF66 /* GameViewController+ARSessionDelegate.swift in Sources */,
				B734415E28B8F4C000F1DF66 /* GameViewController+SCNPhysicsContactDelegate.swift in Sources */,
				B734414B28B8B86F00F1DF66 /* GameViewController+Utilies.swift in Sources */,
				B734414928B8B7D100F1DF66 /* UIColor++.swift in Sources */,
			);
			runOnlyForDeploymentPostprocessing = 0;
		};
/* End PBXSourcesBuildPhase section */

/* Begin PBXVariantGroup section */
		638E277D1FEF3FE500C2DE06 /* Main.storyboard */ = {
			isa = PBXVariantGroup;
			children = (
				638E277E1FEF3FE500C2DE06 /* Base */,
			);
			name = Main.storyboard;
			sourceTree = "<group>";
		};
		638E27821FEF3FE500C2DE06 /* LaunchScreen.storyboard */ = {
			isa = PBXVariantGroup;
			children = (
				638E27831FEF3FE500C2DE06 /* Base */,
			);
			name = LaunchScreen.storyboard;
			sourceTree = "<group>";
		};
/* End PBXVariantGroup section */

/* Begin XCBuildConfiguration section */
		638E27861FEF3FE500C2DE06 /* Debug */ = {
			isa = XCBuildConfiguration;
			buildSettings = {
				ALWAYS_SEARCH_USER_PATHS = NO;
				CLANG_ANALYZER_NONNULL = YES;
				CLANG_ANALYZER_NUMBER_OBJECT_CONVERSION = YES_AGGRESSIVE;
				CLANG_CXX_LANGUAGE_STANDARD = "gnu++14";
				CLANG_CXX_LIBRARY = "libc++";
				CLANG_ENABLE_MODULES = YES;
				CLANG_ENABLE_OBJC_ARC = YES;
				CLANG_WARN_BLOCK_CAPTURE_AUTORELEASING = YES;
				CLANG_WARN_BOOL_CONVERSION = YES;
				CLANG_WARN_COMMA = YES;
				CLANG_WARN_CONSTANT_CONVERSION = YES;
				CLANG_WARN_DIRECT_OBJC_ISA_USAGE = YES_ERROR;
				CLANG_WARN_DOCUMENTATION_COMMENTS = YES;
				CLANG_WARN_EMPTY_BODY = YES;
				CLANG_WARN_ENUM_CONVERSION = YES;
				CLANG_WARN_INFINITE_RECURSION = YES;
				CLANG_WARN_INT_CONVERSION = YES;
				CLANG_WARN_NON_LITERAL_NULL_CONVERSION = YES;
				CLANG_WARN_OBJC_LITERAL_CONVERSION = YES;
				CLANG_WARN_OBJC_ROOT_CLASS = YES_ERROR;
				CLANG_WARN_RANGE_LOOP_ANALYSIS = YES;
				CLANG_WARN_STRICT_PROTOTYPES = YES;
				CLANG_WARN_SUSPICIOUS_MOVE = YES;
				CLANG_WARN_UNGUARDED_AVAILABILITY = YES_AGGRESSIVE;
				CLANG_WARN_UNREACHABLE_CODE = YES;
				CLANG_WARN__DUPLICATE_METHOD_MATCH = YES;
				CODE_SIGN_IDENTITY = "iPhone Developer";
				COPY_PHASE_STRIP = NO;
				DEBUG_INFORMATION_FORMAT = dwarf;
				ENABLE_STRICT_OBJC_MSGSEND = YES;
				ENABLE_TESTABILITY = YES;
				GCC_C_LANGUAGE_STANDARD = gnu11;
				GCC_DYNAMIC_NO_PIC = NO;
				GCC_NO_COMMON_BLOCKS = YES;
				GCC_OPTIMIZATION_LEVEL = 0;
				GCC_PREPROCESSOR_DEFINITIONS = (
					"DEBUG=1",
					"$(inherited)",
				);
				GCC_WARN_64_TO_32_BIT_CONVERSION = YES;
				GCC_WARN_ABOUT_RETURN_TYPE = YES_ERROR;
				GCC_WARN_UNDECLARED_SELECTOR = YES;
				GCC_WARN_UNINITIALIZED_AUTOS = YES_AGGRESSIVE;
				GCC_WARN_UNUSED_FUNCTION = YES;
				GCC_WARN_UNUSED_VARIABLE = YES;
				IPHONEOS_DEPLOYMENT_TARGET = 15.0;
				MTL_ENABLE_DEBUG_INFO = YES;
				ONLY_ACTIVE_ARCH = YES;
				SDKROOT = iphoneos;
				SWIFT_ACTIVE_COMPILATION_CONDITIONS = DEBUG;
				SWIFT_OPTIMIZATION_LEVEL = "-Onone";
			};
			name = Debug;
		};
		638E27871FEF3FE500C2DE06 /* Release */ = {
			isa = XCBuildConfiguration;
			buildSettings = {
				ALWAYS_SEARCH_USER_PATHS = NO;
				CLANG_ANALYZER_NONNULL = YES;
				CLANG_ANALYZER_NUMBER_OBJECT_CONVERSION = YES_AGGRESSIVE;
				CLANG_CXX_LANGUAGE_STANDARD = "gnu++14";
				CLANG_CXX_LIBRARY = "libc++";
				CLANG_ENABLE_MODULES = YES;
				CLANG_ENABLE_OBJC_ARC = YES;
				CLANG_WARN_BLOCK_CAPTURE_AUTORELEASING = YES;
				CLANG_WARN_BOOL_CONVERSION = YES;
				CLANG_WARN_COMMA = YES;
				CLANG_WARN_CONSTANT_CONVERSION = YES;
				CLANG_WARN_DIRECT_OBJC_ISA_USAGE = YES_ERROR;
				CLANG_WARN_DOCUMENTATION_COMMENTS = YES;
				CLANG_WARN_EMPTY_BODY = YES;
				CLANG_WARN_ENUM_CONVERSION = YES;
				CLANG_WARN_INFINITE_RECURSION = YES;
				CLANG_WARN_INT_CONVERSION = YES;
				CLANG_WARN_NON_LITERAL_NULL_CONVERSION = YES;
				CLANG_WARN_OBJC_LITERAL_CONVERSION = YES;
				CLANG_WARN_OBJC_ROOT_CLASS = YES_ERROR;
				CLANG_WARN_RANGE_LOOP_ANALYSIS = YES;
				CLANG_WARN_STRICT_PROTOTYPES = YES;
				CLANG_WARN_SUSPICIOUS_MOVE = YES;
				CLANG_WARN_UNGUARDED_AVAILABILITY = YES_AGGRESSIVE;
				CLANG_WARN_UNREACHABLE_CODE = YES;
				CLANG_WARN__DUPLICATE_METHOD_MATCH = YES;
				CODE_SIGN_IDENTITY = "iPhone Developer";
				COPY_PHASE_STRIP = NO;
				DEBUG_INFORMATION_FORMAT = "dwarf-with-dsym";
				ENABLE_NS_ASSERTIONS = NO;
				ENABLE_STRICT_OBJC_MSGSEND = YES;
				GCC_C_LANGUAGE_STANDARD = gnu11;
				GCC_NO_COMMON_BLOCKS = YES;
				GCC_WARN_64_TO_32_BIT_CONVERSION = YES;
				GCC_WARN_ABOUT_RETURN_TYPE = YES_ERROR;
				GCC_WARN_UNDECLARED_SELECTOR = YES;
				GCC_WARN_UNINITIALIZED_AUTOS = YES_AGGRESSIVE;
				GCC_WARN_UNUSED_FUNCTION = YES;
				GCC_WARN_UNUSED_VARIABLE = YES;
				IPHONEOS_DEPLOYMENT_TARGET = 15.0;
				MTL_ENABLE_DEBUG_INFO = NO;
				SDKROOT = iphoneos;
				SWIFT_OPTIMIZATION_LEVEL = "-Owholemodule";
				VALIDATE_PRODUCT = YES;
			};
			name = Release;
		};
		638E27891FEF3FE500C2DE06 /* Debug */ = {
			isa = XCBuildConfiguration;
			buildSettings = {
				ASSETCATALOG_COMPILER_APPICON_NAME = AppIcon;
				CODE_SIGN_STYLE = Automatic;
				DEVELOPMENT_TEAM = 6VYPR8MZ57;
				INFOPLIST_FILE = ARKitPhysics/Info.plist;
				IPHONEOS_DEPLOYMENT_TARGET = 15.0;
				LD_RUNPATH_SEARCH_PATHS = "$(inherited) @executable_path/Frameworks";
				PRODUCT_BUNDLE_IDENTIFIER = com.pagh2322.arkitgame;
				PRODUCT_NAME = "$(TARGET_NAME)";
				SWIFT_VERSION = 5.0;
				TARGETED_DEVICE_FAMILY = "1,2";
			};
			name = Debug;
		};
		638E278A1FEF3FE500C2DE06 /* Release */ = {
			isa = XCBuildConfiguration;
			buildSettings = {
				ASSETCATALOG_COMPILER_APPICON_NAME = AppIcon;
				CODE_SIGN_STYLE = Automatic;
				DEVELOPMENT_TEAM = 6VYPR8MZ57;
				INFOPLIST_FILE = ARKitPhysics/Info.plist;
				IPHONEOS_DEPLOYMENT_TARGET = 15.0;
				LD_RUNPATH_SEARCH_PATHS = "$(inherited) @executable_path/Frameworks";
				PRODUCT_BUNDLE_IDENTIFIER = com.pagh2322.arkitgame;
				PRODUCT_NAME = "$(TARGET_NAME)";
				SWIFT_VERSION = 5.0;
				TARGETED_DEVICE_FAMILY = "1,2";
			};
			name = Release;
		};
/* End XCBuildConfiguration section */

/* Begin XCConfigurationList section */
		638E27711FEF3FE500C2DE06 /* Build configuration list for PBXProject "ARKitPhysics" */ = {
			isa = XCConfigurationList;
			buildConfigurations = (
				638E27861FEF3FE500C2DE06 /* Debug */,
				638E27871FEF3FE500C2DE06 /* Release */,
			);
			defaultConfigurationIsVisible = 0;
			defaultConfigurationName = Release;
		};
		638E27881FEF3FE500C2DE06 /* Build configuration list for PBXNativeTarget "ARKitPhysics" */ = {
			isa = XCConfigurationList;
			buildConfigurations = (
				638E27891FEF3FE500C2DE06 /* Debug */,
				638E278A1FEF3FE500C2DE06 /* Release */,
			);
			defaultConfigurationIsVisible = 0;
			defaultConfigurationName = Release;
		};
/* End XCConfigurationList section */
	};
	rootObject = 638E276E1FEF3FE500C2DE06 /* Project object */;
}
